
Microsoft Visual Studio Solution File, Format Version 12.00
# Visual Studio Version 17
VisualStudioVersion = 17.0.31808.319
MinimumVisualStudioVersion = 10.0.40219.1
Project("{FAE04EC0-301F-11D3-BF4B-00C04F79EFBC}") = "RestfulAPI", "RestfulAPI\RestfulAPI.csproj", "{2EFDA2EE-CDAB-4275-8F73-32C0D110D1F3}"
EndProject
Global
	GlobalSection(SolutionConfigurationPlatforms) = preSolution
		Debug|Any CPU = Debug|Any CPU
		Release|Any CPU = Release|Any CPU
	EndGlobalSection
	GlobalSection(ProjectConfigurationPlatforms) = postSolution
		{2EFDA2EE-CDAB-4275-8F73-32C0D110D1F3}.Debug|Any CPU.ActiveCfg = Debug|Any CPU
		{2EFDA2EE-CDAB-4275-8F73-32C0D110D1F3}.Debug|Any CPU.Build.0 = Debug|Any CPU
		{2EFDA2EE-CDAB-4275-8F73-32C0D110D1F3}.Release|Any CPU.ActiveCfg = Release|Any CPU
		{2EFDA2EE-CDAB-4275-8F73-32C0D110D1F3}.Release|Any CPU.Build.0 = Release|Any CPU
	EndGlobalSection
	GlobalSection(SolutionProperties) = preSolution
		HideSolutionNode = FALSE
	EndGlobalSection
	GlobalSection(ExtensibilityGlobals) = postSolution
		SolutionGuid = {A6DAFAA6-E21D-4498-BF5D-13689A8DA30D}
	EndGlobalSection
EndGlobal
